// !$*UTF8*$!
{
	archiveVersion = 1;
	classes = {
	};
	objectVersion = 55;
	objects = {

/* Begin PBXBuildFile section */
		4F94C1102F8C4D8E2AF9ED5E /* libPods-CarRentaliOS.a in Frameworks */ = {isa = PBXBuildFile; fileRef = 6014D96585500C3B3A6C9C8A /* libPods-CarRentaliOS.a */; };
		7122E15A29DB41C5002E1D4C /* AppDelegate.swift in Sources */ = {isa = PBXBuildFile; fileRef = 7122E15929DB41C5002E1D4C /* AppDelegate.swift */; };
		7122E15C29DB41C5002E1D4C /* SceneDelegate.swift in Sources */ = {isa = PBXBuildFile; fileRef = 7122E15B29DB41C5002E1D4C /* SceneDelegate.swift */; };
		7122E15E29DB41C5002E1D4C /* ViewController.swift in Sources */ = {isa = PBXBuildFile; fileRef = 7122E15D29DB41C5002E1D4C /* ViewController.swift */; };
		7122E16329DB41C6002E1D4C /* Assets.xcassets in Resources */ = {isa = PBXBuildFile; fileRef = 7122E16229DB41C6002E1D4C /* Assets.xcassets */; };
		7122E16629DB41C6002E1D4C /* LaunchScreen.storyboard in Resources */ = {isa = PBXBuildFile; fileRef = 7122E16429DB41C6002E1D4C /* LaunchScreen.storyboard */; };
		7122E17129DB41C6002E1D4C /* CarRentaliOSTests.swift in Sources */ = {isa = PBXBuildFile; fileRef = 7122E17029DB41C6002E1D4C /* CarRentaliOSTests.swift */; };
		7122E17B29DB41C6002E1D4C /* CarRentaliOSUITests.swift in Sources */ = {isa = PBXBuildFile; fileRef = 7122E17A29DB41C6002E1D4C /* CarRentaliOSUITests.swift */; };
		7122E17D29DB41C6002E1D4C /* CarRentaliOSUITestsLaunchTests.swift in Sources */ = {isa = PBXBuildFile; fileRef = 7122E17C29DB41C6002E1D4C /* CarRentaliOSUITestsLaunchTests.swift */; };
		7122E1C629DB436C002E1D4C /* ComposableArchitecture in Frameworks */ = {isa = PBXBuildFile; productRef = 7122E1C529DB436C002E1D4C /* ComposableArchitecture */; };
		7122E1C929DB4392002E1D4C /* SFSafeSymbols in Frameworks */ = {isa = PBXBuildFile; productRef = 7122E1C829DB4392002E1D4C /* SFSafeSymbols */; };
		7167EE5829E7683800CFAA02 /* SharedButton.swift in Sources */ = {isa = PBXBuildFile; fileRef = 7167EE5729E7683800CFAA02 /* SharedButton.swift */; };
		7167EE5A29E769E800CFAA02 /* Loadable.swift in Sources */ = {isa = PBXBuildFile; fileRef = 7167EE5929E769E800CFAA02 /* Loadable.swift */; };
		7167EE5C29E76A8F00CFAA02 /* Token.swift in Sources */ = {isa = PBXBuildFile; fileRef = 7167EE5B29E76A8F00CFAA02 /* Token.swift */; };
		7167EE5E29E76BA100CFAA02 /* LoginCustomer.swift in Sources */ = {isa = PBXBuildFile; fileRef = 7167EE5D29E76BA100CFAA02 /* LoginCustomer.swift */; };
		7167EE6029E76BFE00CFAA02 /* LoginCall.swift in Sources */ = {isa = PBXBuildFile; fileRef = 7167EE5F29E76BFE00CFAA02 /* LoginCall.swift */; };
		7167EE6329E76CA400CFAA02 /* LoginService.swift in Sources */ = {isa = PBXBuildFile; fileRef = 7167EE6229E76CA400CFAA02 /* LoginService.swift */; };
		7167EE6529E76D5F00CFAA02 /* DependencyValues.swift in Sources */ = {isa = PBXBuildFile; fileRef = 7167EE6429E76D5F00CFAA02 /* DependencyValues.swift */; };
		71890DD329E8888E00ADA3AF /* RegistrationCustomer.swift in Sources */ = {isa = PBXBuildFile; fileRef = 71890DD229E8888E00ADA3AF /* RegistrationCustomer.swift */; };
		71890DD629E8894300ADA3AF /* RegisterCall.swift in Sources */ = {isa = PBXBuildFile; fileRef = 71890DD529E8894300ADA3AF /* RegisterCall.swift */; };
		71890DD829E88A0B00ADA3AF /* RegisterService.swift in Sources */ = {isa = PBXBuildFile; fileRef = 71890DD729E88A0B00ADA3AF /* RegisterService.swift */; };
		71A054FC29DB6CA400726DE4 /* GoogleMapsViewController.swift in Sources */ = {isa = PBXBuildFile; fileRef = 71A054FB29DB6CA400726DE4 /* GoogleMapsViewController.swift */; };
		71A4D32E29DB567600BB4202 /* APIClient.swift in Sources */ = {isa = PBXBuildFile; fileRef = 71A4D30629DB567600BB4202 /* APIClient.swift */; };
		71A4D32F29DB567600BB4202 /* HTTPMethod.swift in Sources */ = {isa = PBXBuildFile; fileRef = 71A4D30729DB567600BB4202 /* HTTPMethod.swift */; };
		71A4D33029DB567600BB4202 /* HTTPError.swift in Sources */ = {isa = PBXBuildFile; fileRef = 71A4D30829DB567600BB4202 /* HTTPError.swift */; };
		71A4D33129DB567600BB4202 /* Call.swift in Sources */ = {isa = PBXBuildFile; fileRef = 71A4D30929DB567600BB4202 /* Call.swift */; };
		71A4D33229DB567600BB4202 /* HomeCore.swift in Sources */ = {isa = PBXBuildFile; fileRef = 71A4D31229DB567600BB4202 /* HomeCore.swift */; };
		71A4D33329DB567600BB4202 /* HomeView.swift in Sources */ = {isa = PBXBuildFile; fileRef = 71A4D31429DB567600BB4202 /* HomeView.swift */; };
		71A4D33429DB567600BB4202 /* AppView.swift in Sources */ = {isa = PBXBuildFile; fileRef = 71A4D31729DB567600BB4202 /* AppView.swift */; };
		71A4D33529DB567600BB4202 /* AppCore.swift in Sources */ = {isa = PBXBuildFile; fileRef = 71A4D31829DB567600BB4202 /* AppCore.swift */; };
		71A4D33629DB567600BB4202 /* EntryCore.swift in Sources */ = {isa = PBXBuildFile; fileRef = 71A4D31B29DB567600BB4202 /* EntryCore.swift */; };
		71A4D33729DB567600BB4202 /* RegisterCore.swift in Sources */ = {isa = PBXBuildFile; fileRef = 71A4D31C29DB567600BB4202 /* RegisterCore.swift */; };
		71A4D33829DB567600BB4202 /* LoginCore.swift in Sources */ = {isa = PBXBuildFile; fileRef = 71A4D31D29DB567600BB4202 /* LoginCore.swift */; };
		71A4D33929DB567600BB4202 /* Customer.swift in Sources */ = {isa = PBXBuildFile; fileRef = 71A4D31F29DB567600BB4202 /* Customer.swift */; };
		71A4D33A29DB567600BB4202 /* LoginView.swift in Sources */ = {isa = PBXBuildFile; fileRef = 71A4D32129DB567600BB4202 /* LoginView.swift */; };
		71A4D33B29DB567600BB4202 /* EntryView.swift in Sources */ = {isa = PBXBuildFile; fileRef = 71A4D32229DB567600BB4202 /* EntryView.swift */; };
		71A4D33C29DB567600BB4202 /* RegisterView.swift in Sources */ = {isa = PBXBuildFile; fileRef = 71A4D32329DB567600BB4202 /* RegisterView.swift */; };
		71A4D33D29DB567600BB4202 /* String+Extensions.swift in Sources */ = {isa = PBXBuildFile; fileRef = 71A4D32829DB567600BB4202 /* String+Extensions.swift */; };
		71A4D33E29DB567600BB4202 /* AppColor.swift in Sources */ = {isa = PBXBuildFile; fileRef = 71A4D32A29DB567600BB4202 /* AppColor.swift */; };
		71A4D33F29DB567600BB4202 /* SharedTextView.swift in Sources */ = {isa = PBXBuildFile; fileRef = 71A4D32C29DB567600BB4202 /* SharedTextView.swift */; };
		71A4D34129DB5B1600BB4202 /* GoogleMapsServiceProtocol.swift in Sources */ = {isa = PBXBuildFile; fileRef = 71A4D34029DB5B1600BB4202 /* GoogleMapsServiceProtocol.swift */; };
		71A4D34329DB5B3000BB4202 /* GoogleMapsService.swift in Sources */ = {isa = PBXBuildFile; fileRef = 71A4D34229DB5B3000BB4202 /* GoogleMapsService.swift */; };
		71C78B8E29E9C19F00B08A83 /* CarsView.swift in Sources */ = {isa = PBXBuildFile; fileRef = 71C78B8D29E9C19F00B08A83 /* CarsView.swift */; };
		71C78B9029E9C1D000B08A83 /* Car.swift in Sources */ = {isa = PBXBuildFile; fileRef = 71C78B8F29E9C1D000B08A83 /* Car.swift */; };
		71C78B9229E9C24900B08A83 /* CarService.swift in Sources */ = {isa = PBXBuildFile; fileRef = 71C78B9129E9C24900B08A83 /* CarService.swift */; };
		71C78B9429E9C31600B08A83 /* AllCarsCall.swift in Sources */ = {isa = PBXBuildFile; fileRef = 71C78B9329E9C31600B08A83 /* AllCarsCall.swift */; };
		71C78B9629E9C38D00B08A83 /* AvailableCarsCall.swift in Sources */ = {isa = PBXBuildFile; fileRef = 71C78B9529E9C38C00B08A83 /* AvailableCarsCall.swift */; };
		71C78B9829E9C46600B08A83 /* CarsCore.swift in Sources */ = {isa = PBXBuildFile; fileRef = 71C78B9729E9C46600B08A83 /* CarsCore.swift */; };
		71C78B9A29E9C4DA00B08A83 /* DebounceID.swift in Sources */ = {isa = PBXBuildFile; fileRef = 71C78B9929E9C4DA00B08A83 /* DebounceID.swift */; };
		71D42B0A29DB734300C722AC /* libPods-CarRentaliOS.a in Frameworks */ = {isa = PBXBuildFile; fileRef = 71D42B0929DB734300C722AC /* libPods-CarRentaliOS.a */; };
		71D42B0C29DB734A00C722AC /* libPods-CarRentaliOS.a in Frameworks */ = {isa = PBXBuildFile; fileRef = 71D42B0B29DB734A00C722AC /* libPods-CarRentaliOS.a */; };
		71D42B0E29DB73A800C722AC /* ViewControllerRepresentable.swift in Sources */ = {isa = PBXBuildFile; fileRef = 71D42B0D29DB73A800C722AC /* ViewControllerRepresentable.swift */; };
/* End PBXBuildFile section */

/* Begin PBXContainerItemProxy section */
		7122E16D29DB41C6002E1D4C /* PBXContainerItemProxy */ = {
			isa = PBXContainerItemProxy;
			containerPortal = 7122E14E29DB41C5002E1D4C /* Project object */;
			proxyType = 1;
			remoteGlobalIDString = 7122E15529DB41C5002E1D4C;
			remoteInfo = CarRentaliOS;
		};
		7122E17729DB41C6002E1D4C /* PBXContainerItemProxy */ = {
			isa = PBXContainerItemProxy;
			containerPortal = 7122E14E29DB41C5002E1D4C /* Project object */;
			proxyType = 1;
			remoteGlobalIDString = 7122E15529DB41C5002E1D4C;
			remoteInfo = CarRentaliOS;
		};
/* End PBXContainerItemProxy section */

/* Begin PBXFileReference section */
		6014D96585500C3B3A6C9C8A /* libPods-CarRentaliOS.a */ = {isa = PBXFileReference; explicitFileType = archive.ar; includeInIndex = 0; path = "libPods-CarRentaliOS.a"; sourceTree = BUILT_PRODUCTS_DIR; };
		7122E15629DB41C5002E1D4C /* CarRentaliOS.app */ = {isa = PBXFileReference; explicitFileType = wrapper.application; includeInIndex = 0; path = CarRentaliOS.app; sourceTree = BUILT_PRODUCTS_DIR; };
		7122E15929DB41C5002E1D4C /* AppDelegate.swift */ = {isa = PBXFileReference; lastKnownFileType = sourcecode.swift; path = AppDelegate.swift; sourceTree = "<group>"; };
		7122E15B29DB41C5002E1D4C /* SceneDelegate.swift */ = {isa = PBXFileReference; lastKnownFileType = sourcecode.swift; path = SceneDelegate.swift; sourceTree = "<group>"; };
		7122E15D29DB41C5002E1D4C /* ViewController.swift */ = {isa = PBXFileReference; lastKnownFileType = sourcecode.swift; path = ViewController.swift; sourceTree = "<group>"; };
		7122E16229DB41C6002E1D4C /* Assets.xcassets */ = {isa = PBXFileReference; lastKnownFileType = folder.assetcatalog; path = Assets.xcassets; sourceTree = "<group>"; };
		7122E16529DB41C6002E1D4C /* Base */ = {isa = PBXFileReference; lastKnownFileType = file.storyboard; name = Base; path = Base.lproj/LaunchScreen.storyboard; sourceTree = "<group>"; };
		7122E16729DB41C6002E1D4C /* Info.plist */ = {isa = PBXFileReference; lastKnownFileType = text.plist.xml; path = Info.plist; sourceTree = "<group>"; };
		7122E16C29DB41C6002E1D4C /* CarRentaliOSTests.xctest */ = {isa = PBXFileReference; explicitFileType = wrapper.cfbundle; includeInIndex = 0; path = CarRentaliOSTests.xctest; sourceTree = BUILT_PRODUCTS_DIR; };
		7122E17029DB41C6002E1D4C /* CarRentaliOSTests.swift */ = {isa = PBXFileReference; lastKnownFileType = sourcecode.swift; path = CarRentaliOSTests.swift; sourceTree = "<group>"; };
		7122E17629DB41C6002E1D4C /* CarRentaliOSUITests.xctest */ = {isa = PBXFileReference; explicitFileType = wrapper.cfbundle; includeInIndex = 0; path = CarRentaliOSUITests.xctest; sourceTree = BUILT_PRODUCTS_DIR; };
		7122E17A29DB41C6002E1D4C /* CarRentaliOSUITests.swift */ = {isa = PBXFileReference; lastKnownFileType = sourcecode.swift; path = CarRentaliOSUITests.swift; sourceTree = "<group>"; };
		7122E17C29DB41C6002E1D4C /* CarRentaliOSUITestsLaunchTests.swift */ = {isa = PBXFileReference; lastKnownFileType = sourcecode.swift; path = CarRentaliOSUITestsLaunchTests.swift; sourceTree = "<group>"; };
		7167EE5729E7683800CFAA02 /* SharedButton.swift */ = {isa = PBXFileReference; lastKnownFileType = sourcecode.swift; path = SharedButton.swift; sourceTree = "<group>"; };
		7167EE5929E769E800CFAA02 /* Loadable.swift */ = {isa = PBXFileReference; lastKnownFileType = sourcecode.swift; path = Loadable.swift; sourceTree = "<group>"; };
		7167EE5B29E76A8F00CFAA02 /* Token.swift */ = {isa = PBXFileReference; lastKnownFileType = sourcecode.swift; path = Token.swift; sourceTree = "<group>"; };
		7167EE5D29E76BA100CFAA02 /* LoginCustomer.swift */ = {isa = PBXFileReference; lastKnownFileType = sourcecode.swift; path = LoginCustomer.swift; sourceTree = "<group>"; };
		7167EE5F29E76BFE00CFAA02 /* LoginCall.swift */ = {isa = PBXFileReference; lastKnownFileType = sourcecode.swift; path = LoginCall.swift; sourceTree = "<group>"; };
		7167EE6229E76CA400CFAA02 /* LoginService.swift */ = {isa = PBXFileReference; lastKnownFileType = sourcecode.swift; path = LoginService.swift; sourceTree = "<group>"; };
		7167EE6429E76D5F00CFAA02 /* DependencyValues.swift */ = {isa = PBXFileReference; lastKnownFileType = sourcecode.swift; path = DependencyValues.swift; sourceTree = "<group>"; };
		71890DD229E8888E00ADA3AF /* RegistrationCustomer.swift */ = {isa = PBXFileReference; lastKnownFileType = sourcecode.swift; path = RegistrationCustomer.swift; sourceTree = "<group>"; };
		71890DD529E8894300ADA3AF /* RegisterCall.swift */ = {isa = PBXFileReference; lastKnownFileType = sourcecode.swift; path = RegisterCall.swift; sourceTree = "<group>"; };
		71890DD729E88A0B00ADA3AF /* RegisterService.swift */ = {isa = PBXFileReference; lastKnownFileType = sourcecode.swift; path = RegisterService.swift; sourceTree = "<group>"; };
		71A054F729DB6C0600726DE4 /* GoogleMaps.xcframework */ = {isa = PBXFileReference; lastKnownFileType = wrapper.xcframework; name = GoogleMaps.xcframework; path = Pods/GoogleMaps/Maps/Frameworks/GoogleMaps.xcframework; sourceTree = "<group>"; };
		71A054FB29DB6CA400726DE4 /* GoogleMapsViewController.swift */ = {isa = PBXFileReference; lastKnownFileType = sourcecode.swift; path = GoogleMapsViewController.swift; sourceTree = "<group>"; };
		71A054FD29DB6E9500726DE4 /* GoogleMapsBase.xcframework */ = {isa = PBXFileReference; lastKnownFileType = wrapper.xcframework; name = GoogleMapsBase.xcframework; path = Pods/GoogleMaps/Base/Frameworks/GoogleMapsBase.xcframework; sourceTree = "<group>"; };
		71A0550129DB725900726DE4 /* GoogleMapsCore.xcframework */ = {isa = PBXFileReference; lastKnownFileType = wrapper.xcframework; name = GoogleMapsCore.xcframework; path = Pods/GoogleMaps/Maps/Frameworks/GoogleMapsCore.xcframework; sourceTree = "<group>"; };
		71A4D30629DB567600BB4202 /* APIClient.swift */ = {isa = PBXFileReference; fileEncoding = 4; lastKnownFileType = sourcecode.swift; path = APIClient.swift; sourceTree = "<group>"; };
		71A4D30729DB567600BB4202 /* HTTPMethod.swift */ = {isa = PBXFileReference; fileEncoding = 4; lastKnownFileType = sourcecode.swift; path = HTTPMethod.swift; sourceTree = "<group>"; };
		71A4D30829DB567600BB4202 /* HTTPError.swift */ = {isa = PBXFileReference; fileEncoding = 4; lastKnownFileType = sourcecode.swift; path = HTTPError.swift; sourceTree = "<group>"; };
		71A4D30929DB567600BB4202 /* Call.swift */ = {isa = PBXFileReference; fileEncoding = 4; lastKnownFileType = sourcecode.swift; path = Call.swift; sourceTree = "<group>"; };
		71A4D31229DB567600BB4202 /* HomeCore.swift */ = {isa = PBXFileReference; fileEncoding = 4; lastKnownFileType = sourcecode.swift; path = HomeCore.swift; sourceTree = "<group>"; };
		71A4D31429DB567600BB4202 /* HomeView.swift */ = {isa = PBXFileReference; fileEncoding = 4; lastKnownFileType = sourcecode.swift; path = HomeView.swift; sourceTree = "<group>"; };
		71A4D31729DB567600BB4202 /* AppView.swift */ = {isa = PBXFileReference; fileEncoding = 4; lastKnownFileType = sourcecode.swift; path = AppView.swift; sourceTree = "<group>"; };
		71A4D31829DB567600BB4202 /* AppCore.swift */ = {isa = PBXFileReference; fileEncoding = 4; lastKnownFileType = sourcecode.swift; path = AppCore.swift; sourceTree = "<group>"; };
		71A4D31B29DB567600BB4202 /* EntryCore.swift */ = {isa = PBXFileReference; fileEncoding = 4; lastKnownFileType = sourcecode.swift; path = EntryCore.swift; sourceTree = "<group>"; };
		71A4D31C29DB567600BB4202 /* RegisterCore.swift */ = {isa = PBXFileReference; fileEncoding = 4; lastKnownFileType = sourcecode.swift; path = RegisterCore.swift; sourceTree = "<group>"; };
		71A4D31D29DB567600BB4202 /* LoginCore.swift */ = {isa = PBXFileReference; fileEncoding = 4; lastKnownFileType = sourcecode.swift; path = LoginCore.swift; sourceTree = "<group>"; };
		71A4D31F29DB567600BB4202 /* Customer.swift */ = {isa = PBXFileReference; fileEncoding = 4; lastKnownFileType = sourcecode.swift; path = Customer.swift; sourceTree = "<group>"; };
		71A4D32129DB567600BB4202 /* LoginView.swift */ = {isa = PBXFileReference; fileEncoding = 4; lastKnownFileType = sourcecode.swift; path = LoginView.swift; sourceTree = "<group>"; };
		71A4D32229DB567600BB4202 /* EntryView.swift */ = {isa = PBXFileReference; fileEncoding = 4; lastKnownFileType = sourcecode.swift; path = EntryView.swift; sourceTree = "<group>"; };
		71A4D32329DB567600BB4202 /* RegisterView.swift */ = {isa = PBXFileReference; fileEncoding = 4; lastKnownFileType = sourcecode.swift; path = RegisterView.swift; sourceTree = "<group>"; };
		71A4D32829DB567600BB4202 /* String+Extensions.swift */ = {isa = PBXFileReference; fileEncoding = 4; lastKnownFileType = sourcecode.swift; path = "String+Extensions.swift"; sourceTree = "<group>"; };
		71A4D32A29DB567600BB4202 /* AppColor.swift */ = {isa = PBXFileReference; fileEncoding = 4; lastKnownFileType = sourcecode.swift; path = AppColor.swift; sourceTree = "<group>"; };
		71A4D32C29DB567600BB4202 /* SharedTextView.swift */ = {isa = PBXFileReference; fileEncoding = 4; lastKnownFileType = sourcecode.swift; path = SharedTextView.swift; sourceTree = "<group>"; };
		71A4D34029DB5B1600BB4202 /* GoogleMapsServiceProtocol.swift */ = {isa = PBXFileReference; lastKnownFileType = sourcecode.swift; path = GoogleMapsServiceProtocol.swift; sourceTree = "<group>"; };
		71A4D34229DB5B3000BB4202 /* GoogleMapsService.swift */ = {isa = PBXFileReference; lastKnownFileType = sourcecode.swift; path = GoogleMapsService.swift; sourceTree = "<group>"; };
		71C78B8D29E9C19F00B08A83 /* CarsView.swift */ = {isa = PBXFileReference; lastKnownFileType = sourcecode.swift; path = CarsView.swift; sourceTree = "<group>"; };
		71C78B8F29E9C1D000B08A83 /* Car.swift */ = {isa = PBXFileReference; lastKnownFileType = sourcecode.swift; path = Car.swift; sourceTree = "<group>"; };
		71C78B9129E9C24900B08A83 /* CarService.swift */ = {isa = PBXFileReference; lastKnownFileType = sourcecode.swift; path = CarService.swift; sourceTree = "<group>"; };
		71C78B9329E9C31600B08A83 /* AllCarsCall.swift */ = {isa = PBXFileReference; lastKnownFileType = sourcecode.swift; path = AllCarsCall.swift; sourceTree = "<group>"; };
		71C78B9529E9C38C00B08A83 /* AvailableCarsCall.swift */ = {isa = PBXFileReference; lastKnownFileType = sourcecode.swift; path = AvailableCarsCall.swift; sourceTree = "<group>"; };
		71C78B9729E9C46600B08A83 /* CarsCore.swift */ = {isa = PBXFileReference; lastKnownFileType = sourcecode.swift; path = CarsCore.swift; sourceTree = "<group>"; };
		71C78B9929E9C4DA00B08A83 /* DebounceID.swift */ = {isa = PBXFileReference; lastKnownFileType = sourcecode.swift; path = DebounceID.swift; sourceTree = "<group>"; };
		71D42B0929DB734300C722AC /* libPods-CarRentaliOS.a */ = {isa = PBXFileReference; explicitFileType = archive.ar; path = "libPods-CarRentaliOS.a"; sourceTree = BUILT_PRODUCTS_DIR; };
		71D42B0B29DB734A00C722AC /* libPods-CarRentaliOS.a */ = {isa = PBXFileReference; explicitFileType = archive.ar; path = "libPods-CarRentaliOS.a"; sourceTree = BUILT_PRODUCTS_DIR; };
		71D42B0D29DB73A800C722AC /* ViewControllerRepresentable.swift */ = {isa = PBXFileReference; lastKnownFileType = sourcecode.swift; path = ViewControllerRepresentable.swift; sourceTree = "<group>"; };
		AE31C4BDA845CC1A721C84AE /* Pods-CarRentaliOS.debug.xcconfig */ = {isa = PBXFileReference; includeInIndex = 1; lastKnownFileType = text.xcconfig; name = "Pods-CarRentaliOS.debug.xcconfig"; path = "Target Support Files/Pods-CarRentaliOS/Pods-CarRentaliOS.debug.xcconfig"; sourceTree = "<group>"; };
		B9FA279CDE3C22FA0AAA3B45 /* Pods-CarRentaliOS.release.xcconfig */ = {isa = PBXFileReference; includeInIndex = 1; lastKnownFileType = text.xcconfig; name = "Pods-CarRentaliOS.release.xcconfig"; path = "Target Support Files/Pods-CarRentaliOS/Pods-CarRentaliOS.release.xcconfig"; sourceTree = "<group>"; };
/* End PBXFileReference section */

/* Begin PBXFrameworksBuildPhase section */
		7122E15329DB41C5002E1D4C /* Frameworks */ = {
			isa = PBXFrameworksBuildPhase;
			buildActionMask = 2147483647;
			files = (
				7122E1C929DB4392002E1D4C /* SFSafeSymbols in Frameworks */,
				7122E1C629DB436C002E1D4C /* ComposableArchitecture in Frameworks */,
				71D42B0C29DB734A00C722AC /* libPods-CarRentaliOS.a in Frameworks */,
				71D42B0A29DB734300C722AC /* libPods-CarRentaliOS.a in Frameworks */,
				4F94C1102F8C4D8E2AF9ED5E /* libPods-CarRentaliOS.a in Frameworks */,
			);
			runOnlyForDeploymentPostprocessing = 0;
		};
		7122E16929DB41C6002E1D4C /* Frameworks */ = {
			isa = PBXFrameworksBuildPhase;
			buildActionMask = 2147483647;
			files = (
			);
			runOnlyForDeploymentPostprocessing = 0;
		};
		7122E17329DB41C6002E1D4C /* Frameworks */ = {
			isa = PBXFrameworksBuildPhase;
			buildActionMask = 2147483647;
			files = (
			);
			runOnlyForDeploymentPostprocessing = 0;
		};
/* End PBXFrameworksBuildPhase section */

/* Begin PBXGroup section */
		7122E14D29DB41C5002E1D4C = {
			isa = PBXGroup;
			children = (
				7122E15829DB41C5002E1D4C /* CarRentaliOS */,
				7122E16F29DB41C6002E1D4C /* CarRentaliOSTests */,
				7122E17929DB41C6002E1D4C /* CarRentaliOSUITests */,
				7122E15729DB41C5002E1D4C /* Products */,
				BBDCCEFC000C28987FCD608C /* Pods */,
				76DD3A197999E6E79E396B88 /* Frameworks */,
			);
			sourceTree = "<group>";
		};
		7122E15729DB41C5002E1D4C /* Products */ = {
			isa = PBXGroup;
			children = (
				7122E15629DB41C5002E1D4C /* CarRentaliOS.app */,
				7122E16C29DB41C6002E1D4C /* CarRentaliOSTests.xctest */,
				7122E17629DB41C6002E1D4C /* CarRentaliOSUITests.xctest */,
			);
			name = Products;
			sourceTree = "<group>";
		};
		7122E15829DB41C5002E1D4C /* CarRentaliOS */ = {
			isa = PBXGroup;
			children = (
				7122E15929DB41C5002E1D4C /* AppDelegate.swift */,
				7122E15B29DB41C5002E1D4C /* SceneDelegate.swift */,
				7122E15D29DB41C5002E1D4C /* ViewController.swift */,
				71A4D30A29DB567600BB4202 /* Features */,
				71A4D30529DB567600BB4202 /* Network */,
				71A4D32529DB567600BB4202 /* Shared */,
				7122E16229DB41C6002E1D4C /* Assets.xcassets */,
				7122E16429DB41C6002E1D4C /* LaunchScreen.storyboard */,
				7122E16729DB41C6002E1D4C /* Info.plist */,
			);
			path = CarRentaliOS;
			sourceTree = "<group>";
		};
		7122E16F29DB41C6002E1D4C /* CarRentaliOSTests */ = {
			isa = PBXGroup;
			children = (
				7122E17029DB41C6002E1D4C /* CarRentaliOSTests.swift */,
			);
			path = CarRentaliOSTests;
			sourceTree = "<group>";
		};
		7122E17929DB41C6002E1D4C /* CarRentaliOSUITests */ = {
			isa = PBXGroup;
			children = (
				7122E17A29DB41C6002E1D4C /* CarRentaliOSUITests.swift */,
				7122E17C29DB41C6002E1D4C /* CarRentaliOSUITestsLaunchTests.swift */,
			);
			path = CarRentaliOSUITests;
			sourceTree = "<group>";
		};
		7167EE6129E76C9500CFAA02 /* Login */ = {
			isa = PBXGroup;
			children = (
				7167EE5F29E76BFE00CFAA02 /* LoginCall.swift */,
				7167EE6229E76CA400CFAA02 /* LoginService.swift */,
			);
			path = Login;
			sourceTree = "<group>";
		};
		71890DD429E8893300ADA3AF /* Register */ = {
			isa = PBXGroup;
			children = (
				71890DD529E8894300ADA3AF /* RegisterCall.swift */,
				71890DD729E88A0B00ADA3AF /* RegisterService.swift */,
			);
			path = Register;
			sourceTree = "<group>";
		};
		71A4D30529DB567600BB4202 /* Network */ = {
			isa = PBXGroup;
			children = (
				71A4D30629DB567600BB4202 /* APIClient.swift */,
				71A4D30729DB567600BB4202 /* HTTPMethod.swift */,
				71A4D30829DB567600BB4202 /* HTTPError.swift */,
				71A4D30929DB567600BB4202 /* Call.swift */,
				7167EE6429E76D5F00CFAA02 /* DependencyValues.swift */,
			);
			name = Network;
			path = CarRentaliOS/Network;
			sourceTree = SOURCE_ROOT;
		};
		71A4D30A29DB567600BB4202 /* Features */ = {
			isa = PBXGroup;
			children = (
				71C78B8829E9C16F00B08A83 /* Cars */,
				71A4D30B29DB567600BB4202 /* Maps */,
				71A4D31029DB567600BB4202 /* Home */,
				71A4D31629DB567600BB4202 /* App */,
				71A4D31929DB567600BB4202 /* Entry */,
			);
			name = Features;
			path = CarRentaliOS/Features;
			sourceTree = SOURCE_ROOT;
		};
		71A4D30B29DB567600BB4202 /* Maps */ = {
			isa = PBXGroup;
			children = (
				71A4D30C29DB567600BB4202 /* Core */,
				71A4D30D29DB567600BB4202 /* Model */,
				71A4D30E29DB567600BB4202 /* View */,
				71A4D30F29DB567600BB4202 /* Service */,
			);
			path = Maps;
			sourceTree = "<group>";
		};
		71A4D30C29DB567600BB4202 /* Core */ = {
			isa = PBXGroup;
			children = (
			);
			path = Core;
			sourceTree = "<group>";
		};
		71A4D30D29DB567600BB4202 /* Model */ = {
			isa = PBXGroup;
			children = (
			);
			path = Model;
			sourceTree = "<group>";
		};
		71A4D30E29DB567600BB4202 /* View */ = {
			isa = PBXGroup;
			children = (
				71A054FB29DB6CA400726DE4 /* GoogleMapsViewController.swift */,
			);
			path = View;
			sourceTree = "<group>";
		};
		71A4D30F29DB567600BB4202 /* Service */ = {
			isa = PBXGroup;
			children = (
				71A4D34029DB5B1600BB4202 /* GoogleMapsServiceProtocol.swift */,
				71A4D34229DB5B3000BB4202 /* GoogleMapsService.swift */,
			);
			path = Service;
			sourceTree = "<group>";
		};
		71A4D31029DB567600BB4202 /* Home */ = {
			isa = PBXGroup;
			children = (
				71A4D31129DB567600BB4202 /* Core */,
				71A4D31329DB567600BB4202 /* View */,
				71A4D31529DB567600BB4202 /* Service */,
			);
			path = Home;
			sourceTree = "<group>";
		};
		71A4D31129DB567600BB4202 /* Core */ = {
			isa = PBXGroup;
			children = (
				71A4D31229DB567600BB4202 /* HomeCore.swift */,
			);
			path = Core;
			sourceTree = "<group>";
		};
		71A4D31329DB567600BB4202 /* View */ = {
			isa = PBXGroup;
			children = (
				71A4D31429DB567600BB4202 /* HomeView.swift */,
			);
			path = View;
			sourceTree = "<group>";
		};
		71A4D31529DB567600BB4202 /* Service */ = {
			isa = PBXGroup;
			children = (
			);
			path = Service;
			sourceTree = "<group>";
		};
		71A4D31629DB567600BB4202 /* App */ = {
			isa = PBXGroup;
			children = (
				71A4D31729DB567600BB4202 /* AppView.swift */,
				71A4D31829DB567600BB4202 /* AppCore.swift */,
			);
			path = App;
			sourceTree = "<group>";
		};
		71A4D31929DB567600BB4202 /* Entry */ = {
			isa = PBXGroup;
			children = (
				71A4D31A29DB567600BB4202 /* Core */,
				71A4D31E29DB567600BB4202 /* Model */,
				71A4D32029DB567600BB4202 /* View */,
				71A4D32429DB567600BB4202 /* Service */,
			);
			path = Entry;
			sourceTree = "<group>";
		};
		71A4D31A29DB567600BB4202 /* Core */ = {
			isa = PBXGroup;
			children = (
				71A4D31B29DB567600BB4202 /* EntryCore.swift */,
				71A4D31C29DB567600BB4202 /* RegisterCore.swift */,
				71A4D31D29DB567600BB4202 /* LoginCore.swift */,
			);
			path = Core;
			sourceTree = "<group>";
		};
		71A4D31E29DB567600BB4202 /* Model */ = {
			isa = PBXGroup;
			children = (
				71A4D31F29DB567600BB4202 /* Customer.swift */,
				7167EE5B29E76A8F00CFAA02 /* Token.swift */,
				7167EE5D29E76BA100CFAA02 /* LoginCustomer.swift */,
				71890DD229E8888E00ADA3AF /* RegistrationCustomer.swift */,
			);
			path = Model;
			sourceTree = "<group>";
		};
		71A4D32029DB567600BB4202 /* View */ = {
			isa = PBXGroup;
			children = (
				71A4D32129DB567600BB4202 /* LoginView.swift */,
				71A4D32229DB567600BB4202 /* EntryView.swift */,
				71A4D32329DB567600BB4202 /* RegisterView.swift */,
			);
			path = View;
			sourceTree = "<group>";
		};
		71A4D32429DB567600BB4202 /* Service */ = {
			isa = PBXGroup;
			children = (
				71890DD429E8893300ADA3AF /* Register */,
				7167EE6129E76C9500CFAA02 /* Login */,
			);
			path = Service;
			sourceTree = "<group>";
		};
		71A4D32529DB567600BB4202 /* Shared */ = {
			isa = PBXGroup;
			children = (
				71A4D32629DB567600BB4202 /* Models */,
				71A4D32729DB567600BB4202 /* Extensions */,
				71A4D32929DB567600BB4202 /* Styler */,
				71A4D32B29DB567600BB4202 /* Views */,
				71A4D32D29DB567600BB4202 /* Services */,
			);
			name = Shared;
			path = CarRentaliOS/Shared;
			sourceTree = SOURCE_ROOT;
		};
		71A4D32629DB567600BB4202 /* Models */ = {
			isa = PBXGroup;
			children = (
				7167EE5929E769E800CFAA02 /* Loadable.swift */,
				71C78B9929E9C4DA00B08A83 /* DebounceID.swift */,
			);
			path = Models;
			sourceTree = "<group>";
		};
		71A4D32729DB567600BB4202 /* Extensions */ = {
			isa = PBXGroup;
			children = (
				71A4D32829DB567600BB4202 /* String+Extensions.swift */,
			);
			path = Extensions;
			sourceTree = "<group>";
		};
		71A4D32929DB567600BB4202 /* Styler */ = {
			isa = PBXGroup;
			children = (
				71A4D32A29DB567600BB4202 /* AppColor.swift */,
			);
			path = Styler;
			sourceTree = "<group>";
		};
		71A4D32B29DB567600BB4202 /* Views */ = {
			isa = PBXGroup;
			children = (
				71A4D32C29DB567600BB4202 /* SharedTextView.swift */,
				71D42B0D29DB73A800C722AC /* ViewControllerRepresentable.swift */,
				7167EE5729E7683800CFAA02 /* SharedButton.swift */,
			);
			path = Views;
			sourceTree = "<group>";
		};
		71A4D32D29DB567600BB4202 /* Services */ = {
			isa = PBXGroup;
			children = (
			);
			path = Services;
			sourceTree = "<group>";
		};
		71C78B8829E9C16F00B08A83 /* Cars */ = {
			isa = PBXGroup;
			children = (
				71C78B8C29E9C19000B08A83 /* Model */,
				71C78B8B29E9C18A00B08A83 /* Core */,
				71C78B8A29E9C18200B08A83 /* Service */,
				71C78B8929E9C17A00B08A83 /* View */,
			);
			path = Cars;
			sourceTree = "<group>";
		};
		71C78B8929E9C17A00B08A83 /* View */ = {
			isa = PBXGroup;
			children = (
				71C78B8D29E9C19F00B08A83 /* CarsView.swift */,
			);
			path = View;
			sourceTree = "<group>";
		};
		71C78B8A29E9C18200B08A83 /* Service */ = {
			isa = PBXGroup;
			children = (
				71C78B9129E9C24900B08A83 /* CarService.swift */,
				71C78B9329E9C31600B08A83 /* AllCarsCall.swift */,
				71C78B9529E9C38C00B08A83 /* AvailableCarsCall.swift */,
			);
			path = Service;
			sourceTree = "<group>";
		};
		71C78B8B29E9C18A00B08A83 /* Core */ = {
			isa = PBXGroup;
			children = (
				71C78B9729E9C46600B08A83 /* CarsCore.swift */,
			);
			path = Core;
			sourceTree = "<group>";
		};
		71C78B8C29E9C19000B08A83 /* Model */ = {
			isa = PBXGroup;
			children = (
				71C78B8F29E9C1D000B08A83 /* Car.swift */,
			);
			path = Model;
			sourceTree = "<group>";
		};
		76DD3A197999E6E79E396B88 /* Frameworks */ = {
			isa = PBXGroup;
			children = (
				71D42B0B29DB734A00C722AC /* libPods-CarRentaliOS.a */,
				71D42B0929DB734300C722AC /* libPods-CarRentaliOS.a */,
				71A0550129DB725900726DE4 /* GoogleMapsCore.xcframework */,
				71A054FD29DB6E9500726DE4 /* GoogleMapsBase.xcframework */,
				71A054F729DB6C0600726DE4 /* GoogleMaps.xcframework */,
				6014D96585500C3B3A6C9C8A /* libPods-CarRentaliOS.a */,
			);
			name = Frameworks;
			sourceTree = "<group>";
		};
		BBDCCEFC000C28987FCD608C /* Pods */ = {
			isa = PBXGroup;
			children = (
				AE31C4BDA845CC1A721C84AE /* Pods-CarRentaliOS.debug.xcconfig */,
				B9FA279CDE3C22FA0AAA3B45 /* Pods-CarRentaliOS.release.xcconfig */,
			);
			path = Pods;
			sourceTree = "<group>";
		};
/* End PBXGroup section */

/* Begin PBXNativeTarget section */
		7122E15529DB41C5002E1D4C /* CarRentaliOS */ = {
			isa = PBXNativeTarget;
			buildConfigurationList = 7122E18029DB41C6002E1D4C /* Build configuration list for PBXNativeTarget "CarRentaliOS" */;
			buildPhases = (
				AB863CB43B04229C1303E0B0 /* [CP] Check Pods Manifest.lock */,
				7122E15229DB41C5002E1D4C /* Sources */,
				7122E15329DB41C5002E1D4C /* Frameworks */,
				7122E15429DB41C5002E1D4C /* Resources */,
				A48FCAADBA6281DEB711D9F9 /* [CP] Copy Pods Resources */,
			);
			buildRules = (
			);
			dependencies = (
			);
			name = CarRentaliOS;
			packageProductDependencies = (
				7122E1C529DB436C002E1D4C /* ComposableArchitecture */,
				7122E1C829DB4392002E1D4C /* SFSafeSymbols */,
			);
			productName = CarRentaliOS;
			productReference = 7122E15629DB41C5002E1D4C /* CarRentaliOS.app */;
			productType = "com.apple.product-type.application";
		};
		7122E16B29DB41C6002E1D4C /* CarRentaliOSTests */ = {
			isa = PBXNativeTarget;
			buildConfigurationList = 7122E18329DB41C6002E1D4C /* Build configuration list for PBXNativeTarget "CarRentaliOSTests" */;
			buildPhases = (
				7122E16829DB41C6002E1D4C /* Sources */,
				7122E16929DB41C6002E1D4C /* Frameworks */,
				7122E16A29DB41C6002E1D4C /* Resources */,
			);
			buildRules = (
			);
			dependencies = (
				7122E16E29DB41C6002E1D4C /* PBXTargetDependency */,
			);
			name = CarRentaliOSTests;
			productName = CarRentaliOSTests;
			productReference = 7122E16C29DB41C6002E1D4C /* CarRentaliOSTests.xctest */;
			productType = "com.apple.product-type.bundle.unit-test";
		};
		7122E17529DB41C6002E1D4C /* CarRentaliOSUITests */ = {
			isa = PBXNativeTarget;
			buildConfigurationList = 7122E18629DB41C6002E1D4C /* Build configuration list for PBXNativeTarget "CarRentaliOSUITests" */;
			buildPhases = (
				7122E17229DB41C6002E1D4C /* Sources */,
				7122E17329DB41C6002E1D4C /* Frameworks */,
				7122E17429DB41C6002E1D4C /* Resources */,
			);
			buildRules = (
			);
			dependencies = (
				7122E17829DB41C6002E1D4C /* PBXTargetDependency */,
			);
			name = CarRentaliOSUITests;
			productName = CarRentaliOSUITests;
			productReference = 7122E17629DB41C6002E1D4C /* CarRentaliOSUITests.xctest */;
			productType = "com.apple.product-type.bundle.ui-testing";
		};
/* End PBXNativeTarget section */

/* Begin PBXProject section */
		7122E14E29DB41C5002E1D4C /* Project object */ = {
			isa = PBXProject;
			attributes = {
				BuildIndependentTargetsInParallel = 1;
				LastSwiftUpdateCheck = 1430;
				LastUpgradeCheck = 1430;
				TargetAttributes = {
					7122E15529DB41C5002E1D4C = {
						CreatedOnToolsVersion = 14.3;
					};
					7122E16B29DB41C6002E1D4C = {
						CreatedOnToolsVersion = 14.3;
						TestTargetID = 7122E15529DB41C5002E1D4C;
					};
					7122E17529DB41C6002E1D4C = {
						CreatedOnToolsVersion = 14.3;
						TestTargetID = 7122E15529DB41C5002E1D4C;
					};
				};
			};
			buildConfigurationList = 7122E15129DB41C5002E1D4C /* Build configuration list for PBXProject "CarRentaliOS" */;
			compatibilityVersion = "Xcode 13.0";
			developmentRegion = en;
			hasScannedForEncodings = 0;
			knownRegions = (
				en,
				Base,
			);
			mainGroup = 7122E14D29DB41C5002E1D4C;
			packageReferences = (
				7122E1C429DB436C002E1D4C /* XCRemoteSwiftPackageReference "swift-composable-architecture" */,
				7122E1C729DB4392002E1D4C /* XCRemoteSwiftPackageReference "SFSafeSymbols" */,
			);
			productRefGroup = 7122E15729DB41C5002E1D4C /* Products */;
			projectDirPath = "";
			projectRoot = "";
			targets = (
				7122E15529DB41C5002E1D4C /* CarRentaliOS */,
				7122E16B29DB41C6002E1D4C /* CarRentaliOSTests */,
				7122E17529DB41C6002E1D4C /* CarRentaliOSUITests */,
			);
		};
/* End PBXProject section */

/* Begin PBXResourcesBuildPhase section */
		7122E15429DB41C5002E1D4C /* Resources */ = {
			isa = PBXResourcesBuildPhase;
			buildActionMask = 2147483647;
			files = (
				7122E16629DB41C6002E1D4C /* LaunchScreen.storyboard in Resources */,
				7122E16329DB41C6002E1D4C /* Assets.xcassets in Resources */,
			);
			runOnlyForDeploymentPostprocessing = 0;
		};
		7122E16A29DB41C6002E1D4C /* Resources */ = {
			isa = PBXResourcesBuildPhase;
			buildActionMask = 2147483647;
			files = (
			);
			runOnlyForDeploymentPostprocessing = 0;
		};
		7122E17429DB41C6002E1D4C /* Resources */ = {
			isa = PBXResourcesBuildPhase;
			buildActionMask = 2147483647;
			files = (
			);
			runOnlyForDeploymentPostprocessing = 0;
		};
/* End PBXResourcesBuildPhase section */

/* Begin PBXShellScriptBuildPhase section */
		A48FCAADBA6281DEB711D9F9 /* [CP] Copy Pods Resources */ = {
			isa = PBXShellScriptBuildPhase;
			buildActionMask = 2147483647;
			files = (
			);
			inputFileListPaths = (
				"${PODS_ROOT}/Target Support Files/Pods-CarRentaliOS/Pods-CarRentaliOS-resources-${CONFIGURATION}-input-files.xcfilelist",
			);
			name = "[CP] Copy Pods Resources";
			outputFileListPaths = (
				"${PODS_ROOT}/Target Support Files/Pods-CarRentaliOS/Pods-CarRentaliOS-resources-${CONFIGURATION}-output-files.xcfilelist",
			);
			runOnlyForDeploymentPostprocessing = 0;
			shellPath = /bin/sh;
			shellScript = "\"${PODS_ROOT}/Target Support Files/Pods-CarRentaliOS/Pods-CarRentaliOS-resources.sh\"\n";
			showEnvVarsInLog = 0;
		};
		AB863CB43B04229C1303E0B0 /* [CP] Check Pods Manifest.lock */ = {
			isa = PBXShellScriptBuildPhase;
			buildActionMask = 2147483647;
			files = (
			);
			inputFileListPaths = (
			);
			inputPaths = (
				"${PODS_PODFILE_DIR_PATH}/Podfile.lock",
				"${PODS_ROOT}/Manifest.lock",
			);
			name = "[CP] Check Pods Manifest.lock";
			outputFileListPaths = (
			);
			outputPaths = (
				"$(DERIVED_FILE_DIR)/Pods-CarRentaliOS-checkManifestLockResult.txt",
			);
			runOnlyForDeploymentPostprocessing = 0;
			shellPath = /bin/sh;
			shellScript = "diff \"${PODS_PODFILE_DIR_PATH}/Podfile.lock\" \"${PODS_ROOT}/Manifest.lock\" > /dev/null\nif [ $? != 0 ] ; then\n    # print error to STDERR\n    echo \"error: The sandbox is not in sync with the Podfile.lock. Run 'pod install' or update your CocoaPods installation.\" >&2\n    exit 1\nfi\n# This output is used by Xcode 'outputs' to avoid re-running this script phase.\necho \"SUCCESS\" > \"${SCRIPT_OUTPUT_FILE_0}\"\n";
			showEnvVarsInLog = 0;
		};
/* End PBXShellScriptBuildPhase section */

/* Begin PBXSourcesBuildPhase section */
		7122E15229DB41C5002E1D4C /* Sources */ = {
			isa = PBXSourcesBuildPhase;
			buildActionMask = 2147483647;
			files = (
				7167EE6529E76D5F00CFAA02 /* DependencyValues.swift in Sources */,
				71890DD829E88A0B00ADA3AF /* RegisterService.swift in Sources */,
				71A4D33329DB567600BB4202 /* HomeView.swift in Sources */,
				71A4D33129DB567600BB4202 /* Call.swift in Sources */,
				71D42B0E29DB73A800C722AC /* ViewControllerRepresentable.swift in Sources */,
				71A4D33229DB567600BB4202 /* HomeCore.swift in Sources */,
				71A4D34329DB5B3000BB4202 /* GoogleMapsService.swift in Sources */,
				71A4D34129DB5B1600BB4202 /* GoogleMapsServiceProtocol.swift in Sources */,
				71C78B9829E9C46600B08A83 /* CarsCore.swift in Sources */,
				71C78B9A29E9C4DA00B08A83 /* DebounceID.swift in Sources */,
				71A4D33029DB567600BB4202 /* HTTPError.swift in Sources */,
				71890DD329E8888E00ADA3AF /* RegistrationCustomer.swift in Sources */,
				71A4D33C29DB567600BB4202 /* RegisterView.swift in Sources */,
				71A4D32E29DB567600BB4202 /* APIClient.swift in Sources */,
				7167EE6029E76BFE00CFAA02 /* LoginCall.swift in Sources */,
				71A4D33E29DB567600BB4202 /* AppColor.swift in Sources */,
				71A4D33A29DB567600BB4202 /* LoginView.swift in Sources */,
				71A4D33D29DB567600BB4202 /* String+Extensions.swift in Sources */,
				71C78B9229E9C24900B08A83 /* CarService.swift in Sources */,
				7167EE5829E7683800CFAA02 /* SharedButton.swift in Sources */,
				71C78B8E29E9C19F00B08A83 /* CarsView.swift in Sources */,
				71A4D33829DB567600BB4202 /* LoginCore.swift in Sources */,
				7122E15E29DB41C5002E1D4C /* ViewController.swift in Sources */,
				7167EE5C29E76A8F00CFAA02 /* Token.swift in Sources */,
				7167EE6329E76CA400CFAA02 /* LoginService.swift in Sources */,
				71A4D33729DB567600BB4202 /* RegisterCore.swift in Sources */,
				71C78B9629E9C38D00B08A83 /* AvailableCarsCall.swift in Sources */,
				7167EE5E29E76BA100CFAA02 /* LoginCustomer.swift in Sources */,
				71A054FC29DB6CA400726DE4 /* GoogleMapsViewController.swift in Sources */,
				71A4D33929DB567600BB4202 /* Customer.swift in Sources */,
				7122E15A29DB41C5002E1D4C /* AppDelegate.swift in Sources */,
				71C78B9029E9C1D000B08A83 /* Car.swift in Sources */,
				71A4D33429DB567600BB4202 /* AppView.swift in Sources */,
				7167EE5A29E769E800CFAA02 /* Loadable.swift in Sources */,
				71A4D32F29DB567600BB4202 /* HTTPMethod.swift in Sources */,
				71890DD629E8894300ADA3AF /* RegisterCall.swift in Sources */,
				7122E15C29DB41C5002E1D4C /* SceneDelegate.swift in Sources */,
				71A4D33B29DB567600BB4202 /* EntryView.swift in Sources */,
				71A4D33529DB567600BB4202 /* AppCore.swift in Sources */,
				71A4D33F29DB567600BB4202 /* SharedTextView.swift in Sources */,
				71C78B9429E9C31600B08A83 /* AllCarsCall.swift in Sources */,
				71A4D33629DB567600BB4202 /* EntryCore.swift in Sources */,
			);
			runOnlyForDeploymentPostprocessing = 0;
		};
		7122E16829DB41C6002E1D4C /* Sources */ = {
			isa = PBXSourcesBuildPhase;
			buildActionMask = 2147483647;
			files = (
				7122E17129DB41C6002E1D4C /* CarRentaliOSTests.swift in Sources */,
			);
			runOnlyForDeploymentPostprocessing = 0;
		};
		7122E17229DB41C6002E1D4C /* Sources */ = {
			isa = PBXSourcesBuildPhase;
			buildActionMask = 2147483647;
			files = (
				7122E17B29DB41C6002E1D4C /* CarRentaliOSUITests.swift in Sources */,
				7122E17D29DB41C6002E1D4C /* CarRentaliOSUITestsLaunchTests.swift in Sources */,
			);
			runOnlyForDeploymentPostprocessing = 0;
		};
/* End PBXSourcesBuildPhase section */

/* Begin PBXTargetDependency section */
		7122E16E29DB41C6002E1D4C /* PBXTargetDependency */ = {
			isa = PBXTargetDependency;
			target = 7122E15529DB41C5002E1D4C /* CarRentaliOS */;
			targetProxy = 7122E16D29DB41C6002E1D4C /* PBXContainerItemProxy */;
		};
		7122E17829DB41C6002E1D4C /* PBXTargetDependency */ = {
			isa = PBXTargetDependency;
			target = 7122E15529DB41C5002E1D4C /* CarRentaliOS */;
			targetProxy = 7122E17729DB41C6002E1D4C /* PBXContainerItemProxy */;
		};
/* End PBXTargetDependency section */

/* Begin PBXVariantGroup section */
		7122E16429DB41C6002E1D4C /* LaunchScreen.storyboard */ = {
			isa = PBXVariantGroup;
			children = (
				7122E16529DB41C6002E1D4C /* Base */,
			);
			name = LaunchScreen.storyboard;
			sourceTree = "<group>";
		};
/* End PBXVariantGroup section */

/* Begin XCBuildConfiguration section */
		7122E17E29DB41C6002E1D4C /* Debug */ = {
			isa = XCBuildConfiguration;
			buildSettings = {
				ALWAYS_SEARCH_USER_PATHS = NO;
				CLANG_ANALYZER_NONNULL = YES;
				CLANG_ANALYZER_NUMBER_OBJECT_CONVERSION = YES_AGGRESSIVE;
				CLANG_CXX_LANGUAGE_STANDARD = "gnu++20";
				CLANG_ENABLE_MODULES = YES;
				CLANG_ENABLE_OBJC_ARC = YES;
				CLANG_ENABLE_OBJC_WEAK = YES;
				CLANG_WARN_BLOCK_CAPTURE_AUTORELEASING = YES;
				CLANG_WARN_BOOL_CONVERSION = YES;
				CLANG_WARN_COMMA = YES;
				CLANG_WARN_CONSTANT_CONVERSION = YES;
				CLANG_WARN_DEPRECATED_OBJC_IMPLEMENTATIONS = YES;
				CLANG_WARN_DIRECT_OBJC_ISA_USAGE = YES_ERROR;
				CLANG_WARN_DOCUMENTATION_COMMENTS = YES;
				CLANG_WARN_EMPTY_BODY = YES;
				CLANG_WARN_ENUM_CONVERSION = YES;
				CLANG_WARN_INFINITE_RECURSION = YES;
				CLANG_WARN_INT_CONVERSION = YES;
				CLANG_WARN_NON_LITERAL_NULL_CONVERSION = YES;
				CLANG_WARN_OBJC_IMPLICIT_RETAIN_SELF = YES;
				CLANG_WARN_OBJC_LITERAL_CONVERSION = YES;
				CLANG_WARN_OBJC_ROOT_CLASS = YES_ERROR;
				CLANG_WARN_QUOTED_INCLUDE_IN_FRAMEWORK_HEADER = YES;
				CLANG_WARN_RANGE_LOOP_ANALYSIS = YES;
				CLANG_WARN_STRICT_PROTOTYPES = YES;
				CLANG_WARN_SUSPICIOUS_MOVE = YES;
				CLANG_WARN_UNGUARDED_AVAILABILITY = YES_AGGRESSIVE;
				CLANG_WARN_UNREACHABLE_CODE = YES;
				CLANG_WARN__DUPLICATE_METHOD_MATCH = YES;
				COPY_PHASE_STRIP = NO;
				DEBUG_INFORMATION_FORMAT = dwarf;
				ENABLE_STRICT_OBJC_MSGSEND = YES;
				ENABLE_TESTABILITY = YES;
				GCC_C_LANGUAGE_STANDARD = gnu11;
				GCC_DYNAMIC_NO_PIC = NO;
				GCC_NO_COMMON_BLOCKS = YES;
				GCC_OPTIMIZATION_LEVEL = 0;
				GCC_PREPROCESSOR_DEFINITIONS = (
					"DEBUG=1",
					"$(inherited)",
				);
				GCC_WARN_64_TO_32_BIT_CONVERSION = YES;
				GCC_WARN_ABOUT_RETURN_TYPE = YES_ERROR;
				GCC_WARN_UNDECLARED_SELECTOR = YES;
				GCC_WARN_UNINITIALIZED_AUTOS = YES_AGGRESSIVE;
				GCC_WARN_UNUSED_FUNCTION = YES;
				GCC_WARN_UNUSED_VARIABLE = YES;
				IPHONEOS_DEPLOYMENT_TARGET = 16.4;
				MTL_ENABLE_DEBUG_INFO = INCLUDE_SOURCE;
				MTL_FAST_MATH = YES;
				ONLY_ACTIVE_ARCH = YES;
				SDKROOT = iphoneos;
				SWIFT_ACTIVE_COMPILATION_CONDITIONS = DEBUG;
				SWIFT_OPTIMIZATION_LEVEL = "-Onone";
			};
			name = Debug;
		};
		7122E17F29DB41C6002E1D4C /* Release */ = {
			isa = XCBuildConfiguration;
			buildSettings = {
				ALWAYS_SEARCH_USER_PATHS = NO;
				CLANG_ANALYZER_NONNULL = YES;
				CLANG_ANALYZER_NUMBER_OBJECT_CONVERSION = YES_AGGRESSIVE;
				CLANG_CXX_LANGUAGE_STANDARD = "gnu++20";
				CLANG_ENABLE_MODULES = YES;
				CLANG_ENABLE_OBJC_ARC = YES;
				CLANG_ENABLE_OBJC_WEAK = YES;
				CLANG_WARN_BLOCK_CAPTURE_AUTORELEASING = YES;
				CLANG_WARN_BOOL_CONVERSION = YES;
				CLANG_WARN_COMMA = YES;
				CLANG_WARN_CONSTANT_CONVERSION = YES;
				CLANG_WARN_DEPRECATED_OBJC_IMPLEMENTATIONS = YES;
				CLANG_WARN_DIRECT_OBJC_ISA_USAGE = YES_ERROR;
				CLANG_WARN_DOCUMENTATION_COMMENTS = YES;
				CLANG_WARN_EMPTY_BODY = YES;
				CLANG_WARN_ENUM_CONVERSION = YES;
				CLANG_WARN_INFINITE_RECURSION = YES;
				CLANG_WARN_INT_CONVERSION = YES;
				CLANG_WARN_NON_LITERAL_NULL_CONVERSION = YES;
				CLANG_WARN_OBJC_IMPLICIT_RETAIN_SELF = YES;
				CLANG_WARN_OBJC_LITERAL_CONVERSION = YES;
				CLANG_WARN_OBJC_ROOT_CLASS = YES_ERROR;
				CLANG_WARN_QUOTED_INCLUDE_IN_FRAMEWORK_HEADER = YES;
				CLANG_WARN_RANGE_LOOP_ANALYSIS = YES;
				CLANG_WARN_STRICT_PROTOTYPES = YES;
				CLANG_WARN_SUSPICIOUS_MOVE = YES;
				CLANG_WARN_UNGUARDED_AVAILABILITY = YES_AGGRESSIVE;
				CLANG_WARN_UNREACHABLE_CODE = YES;
				CLANG_WARN__DUPLICATE_METHOD_MATCH = YES;
				COPY_PHASE_STRIP = NO;
				DEBUG_INFORMATION_FORMAT = "dwarf-with-dsym";
				ENABLE_NS_ASSERTIONS = NO;
				ENABLE_STRICT_OBJC_MSGSEND = YES;
				GCC_C_LANGUAGE_STANDARD = gnu11;
				GCC_NO_COMMON_BLOCKS = YES;
				GCC_WARN_64_TO_32_BIT_CONVERSION = YES;
				GCC_WARN_ABOUT_RETURN_TYPE = YES_ERROR;
				GCC_WARN_UNDECLARED_SELECTOR = YES;
				GCC_WARN_UNINITIALIZED_AUTOS = YES_AGGRESSIVE;
				GCC_WARN_UNUSED_FUNCTION = YES;
				GCC_WARN_UNUSED_VARIABLE = YES;
				IPHONEOS_DEPLOYMENT_TARGET = 16.4;
				MTL_ENABLE_DEBUG_INFO = NO;
				MTL_FAST_MATH = YES;
				SDKROOT = iphoneos;
				SWIFT_COMPILATION_MODE = wholemodule;
				SWIFT_OPTIMIZATION_LEVEL = "-O";
				VALIDATE_PRODUCT = YES;
			};
			name = Release;
		};
		7122E18129DB41C6002E1D4C /* Debug */ = {
			isa = XCBuildConfiguration;
			baseConfigurationReference = AE31C4BDA845CC1A721C84AE /* Pods-CarRentaliOS.debug.xcconfig */;
			buildSettings = {
				ASSETCATALOG_COMPILER_APPICON_NAME = AppIcon;
				ASSETCATALOG_COMPILER_GLOBAL_ACCENT_COLOR_NAME = AccentColor;
				CODE_SIGN_STYLE = Automatic;
				CURRENT_PROJECT_VERSION = 1;
				DEVELOPMENT_TEAM = 7UZH6B548Y;
				GENERATE_INFOPLIST_FILE = YES;
				INFOPLIST_FILE = CarRentaliOS/Info.plist;
				INFOPLIST_KEY_UIApplicationSupportsIndirectInputEvents = YES;
				INFOPLIST_KEY_UILaunchStoryboardName = LaunchScreen;
				INFOPLIST_KEY_UIMainStoryboardFile = "";
				INFOPLIST_KEY_UISupportedInterfaceOrientations = UIInterfaceOrientationPortrait;
				INFOPLIST_KEY_UISupportedInterfaceOrientations_iPad = "UIInterfaceOrientationLandscapeLeft UIInterfaceOrientationLandscapeRight UIInterfaceOrientationPortrait UIInterfaceOrientationPortraitUpsideDown";
				LD_RUNPATH_SEARCH_PATHS = (
					"$(inherited)",
					"@executable_path/Frameworks",
				);
				MARKETING_VERSION = 1.0;
				PRODUCT_BUNDLE_IDENTIFIER = com.ebucelik.CarRentaliOS;
				PRODUCT_NAME = "$(TARGET_NAME)";
				SUPPORTED_PLATFORMS = "iphoneos iphonesimulator";
				SUPPORTS_MACCATALYST = NO;
				SUPPORTS_MAC_DESIGNED_FOR_IPHONE_IPAD = NO;
				SWIFT_EMIT_LOC_STRINGS = YES;
				SWIFT_VERSION = 5.0;
				TARGETED_DEVICE_FAMILY = 1;
			};
			name = Debug;
		};
		7122E18229DB41C6002E1D4C /* Release */ = {
			isa = XCBuildConfiguration;
			baseConfigurationReference = B9FA279CDE3C22FA0AAA3B45 /* Pods-CarRentaliOS.release.xcconfig */;
			buildSettings = {
				ASSETCATALOG_COMPILER_APPICON_NAME = AppIcon;
				ASSETCATALOG_COMPILER_GLOBAL_ACCENT_COLOR_NAME = AccentColor;
				CODE_SIGN_STYLE = Automatic;
				CURRENT_PROJECT_VERSION = 1;
				DEVELOPMENT_TEAM = 7UZH6B548Y;
				GENERATE_INFOPLIST_FILE = YES;
				INFOPLIST_FILE = CarRentaliOS/Info.plist;
				INFOPLIST_KEY_UIApplicationSupportsIndirectInputEvents = YES;
				INFOPLIST_KEY_UILaunchStoryboardName = LaunchScreen;
				INFOPLIST_KEY_UIMainStoryboardFile = "";
				INFOPLIST_KEY_UISupportedInterfaceOrientations = UIInterfaceOrientationPortrait;
				INFOPLIST_KEY_UISupportedInterfaceOrientations_iPad = "UIInterfaceOrientationLandscapeLeft UIInterfaceOrientationLandscapeRight UIInterfaceOrientationPortrait UIInterfaceOrientationPortraitUpsideDown";
				LD_RUNPATH_SEARCH_PATHS = (
					"$(inherited)",
					"@executable_path/Frameworks",
				);
				MARKETING_VERSION = 1.0;
				PRODUCT_BUNDLE_IDENTIFIER = com.ebucelik.CarRentaliOS;
				PRODUCT_NAME = "$(TARGET_NAME)";
				SUPPORTED_PLATFORMS = "iphoneos iphonesimulator";
				SUPPORTS_MACCATALYST = NO;
				SUPPORTS_MAC_DESIGNED_FOR_IPHONE_IPAD = NO;
				SWIFT_EMIT_LOC_STRINGS = YES;
				SWIFT_VERSION = 5.0;
				TARGETED_DEVICE_FAMILY = 1;
			};
			name = Release;
		};
		7122E18429DB41C6002E1D4C /* Debug */ = {
			isa = XCBuildConfiguration;
			buildSettings = {
				ALWAYS_EMBED_SWIFT_STANDARD_LIBRARIES = YES;
				BUNDLE_LOADER = "$(TEST_HOST)";
				CODE_SIGN_STYLE = Automatic;
				CURRENT_PROJECT_VERSION = 1;
				DEVELOPMENT_TEAM = 7UZH6B548Y;
				GENERATE_INFOPLIST_FILE = YES;
				IPHONEOS_DEPLOYMENT_TARGET = 16.4;
				MARKETING_VERSION = 1.0;
				PRODUCT_BUNDLE_IDENTIFIER = com.ebucelik.CarRentaliOSTests;
				PRODUCT_NAME = "$(TARGET_NAME)";
				SWIFT_EMIT_LOC_STRINGS = NO;
				SWIFT_VERSION = 5.0;
				TARGETED_DEVICE_FAMILY = "1,2";
				TEST_HOST = "$(BUILT_PRODUCTS_DIR)/CarRentaliOS.app/$(BUNDLE_EXECUTABLE_FOLDER_PATH)/CarRentaliOS";
			};
			name = Debug;
		};
		7122E18529DB41C6002E1D4C /* Release */ = {
			isa = XCBuildConfiguration;
			buildSettings = {
				ALWAYS_EMBED_SWIFT_STANDARD_LIBRARIES = YES;
				BUNDLE_LOADER = "$(TEST_HOST)";
				CODE_SIGN_STYLE = Automatic;
				CURRENT_PROJECT_VERSION = 1;
				DEVELOPMENT_TEAM = 7UZH6B548Y;
				GENERATE_INFOPLIST_FILE = YES;
				IPHONEOS_DEPLOYMENT_TARGET = 16.4;
				MARKETING_VERSION = 1.0;
				PRODUCT_BUNDLE_IDENTIFIER = com.ebucelik.CarRentaliOSTests;
				PRODUCT_NAME = "$(TARGET_NAME)";
				SWIFT_EMIT_LOC_STRINGS = NO;
				SWIFT_VERSION = 5.0;
				TARGETED_DEVICE_FAMILY = "1,2";
				TEST_HOST = "$(BUILT_PRODUCTS_DIR)/CarRentaliOS.app/$(BUNDLE_EXECUTABLE_FOLDER_PATH)/CarRentaliOS";
			};
			name = Release;
		};
		7122E18729DB41C6002E1D4C /* Debug */ = {
			isa = XCBuildConfiguration;
			buildSettings = {
				ALWAYS_EMBED_SWIFT_STANDARD_LIBRARIES = YES;
				CODE_SIGN_STYLE = Automatic;
				CURRENT_PROJECT_VERSION = 1;
				DEVELOPMENT_TEAM = 7UZH6B548Y;
				GENERATE_INFOPLIST_FILE = YES;
				MARKETING_VERSION = 1.0;
				PRODUCT_BUNDLE_IDENTIFIER = com.ebucelik.CarRentaliOSUITests;
				PRODUCT_NAME = "$(TARGET_NAME)";
				SWIFT_EMIT_LOC_STRINGS = NO;
				SWIFT_VERSION = 5.0;
				TARGETED_DEVICE_FAMILY = "1,2";
				TEST_TARGET_NAME = CarRentaliOS;
			};
			name = Debug;
		};
		7122E18829DB41C6002E1D4C /* Release */ = {
			isa = XCBuildConfiguration;
			buildSettings = {
				ALWAYS_EMBED_SWIFT_STANDARD_LIBRARIES = YES;
				CODE_SIGN_STYLE = Automatic;
				CURRENT_PROJECT_VERSION = 1;
				DEVELOPMENT_TEAM = 7UZH6B548Y;
				GENERATE_INFOPLIST_FILE = YES;
				MARKETING_VERSION = 1.0;
				PRODUCT_BUNDLE_IDENTIFIER = com.ebucelik.CarRentaliOSUITests;
				PRODUCT_NAME = "$(TARGET_NAME)";
				SWIFT_EMIT_LOC_STRINGS = NO;
				SWIFT_VERSION = 5.0;
				TARGETED_DEVICE_FAMILY = "1,2";
				TEST_TARGET_NAME = CarRentaliOS;
			};
			name = Release;
		};
/* End XCBuildConfiguration section */

/* Begin XCConfigurationList section */
		7122E15129DB41C5002E1D4C /* Build configuration list for PBXProject "CarRentaliOS" */ = {
			isa = XCConfigurationList;
			buildConfigurations = (
				7122E17E29DB41C6002E1D4C /* Debug */,
				7122E17F29DB41C6002E1D4C /* Release */,
			);
			defaultConfigurationIsVisible = 0;
			defaultConfigurationName = Release;
		};
		7122E18029DB41C6002E1D4C /* Build configuration list for PBXNativeTarget "CarRentaliOS" */ = {
			isa = XCConfigurationList;
			buildConfigurations = (
				7122E18129DB41C6002E1D4C /* Debug */,
				7122E18229DB41C6002E1D4C /* Release */,
			);
			defaultConfigurationIsVisible = 0;
			defaultConfigurationName = Release;
		};
		7122E18329DB41C6002E1D4C /* Build configuration list for PBXNativeTarget "CarRentaliOSTests" */ = {
			isa = XCConfigurationList;
			buildConfigurations = (
				7122E18429DB41C6002E1D4C /* Debug */,
				7122E18529DB41C6002E1D4C /* Release */,
			);
			defaultConfigurationIsVisible = 0;
			defaultConfigurationName = Release;
		};
		7122E18629DB41C6002E1D4C /* Build configuration list for PBXNativeTarget "CarRentaliOSUITests" */ = {
			isa = XCConfigurationList;
			buildConfigurations = (
				7122E18729DB41C6002E1D4C /* Debug */,
				7122E18829DB41C6002E1D4C /* Release */,
			);
			defaultConfigurationIsVisible = 0;
			defaultConfigurationName = Release;
		};
/* End XCConfigurationList section */

/* Begin XCRemoteSwiftPackageReference section */
		7122E1C429DB436C002E1D4C /* XCRemoteSwiftPackageReference "swift-composable-architecture" */ = {
			isa = XCRemoteSwiftPackageReference;
			repositoryURL = "https://github.com/pointfreeco/swift-composable-architecture.git";
			requirement = {
				kind = upToNextMajorVersion;
				minimumVersion = 0.52.0;
			};
		};
		7122E1C729DB4392002E1D4C /* XCRemoteSwiftPackageReference "SFSafeSymbols" */ = {
			isa = XCRemoteSwiftPackageReference;
			repositoryURL = "https://github.com/SFSafeSymbols/SFSafeSymbols.git";
			requirement = {
				kind = upToNextMajorVersion;
				minimumVersion = 4.0.0;
			};
		};
/* End XCRemoteSwiftPackageReference section */

/* Begin XCSwiftPackageProductDependency section */
		7122E1C529DB436C002E1D4C /* ComposableArchitecture */ = {
			isa = XCSwiftPackageProductDependency;
			package = 7122E1C429DB436C002E1D4C /* XCRemoteSwiftPackageReference "swift-composable-architecture" */;
			productName = ComposableArchitecture;
		};
		7122E1C829DB4392002E1D4C /* SFSafeSymbols */ = {
			isa = XCSwiftPackageProductDependency;
			package = 7122E1C729DB4392002E1D4C /* XCRemoteSwiftPackageReference "SFSafeSymbols" */;
			productName = SFSafeSymbols;
		};
/* End XCSwiftPackageProductDependency section */
	};
	rootObject = 7122E14E29DB41C5002E1D4C /* Project object */;
}
